
Microsoft Visual Studio Solution File, Format Version 12.00
# Visual Studio 15
VisualStudioVersion = 15.0.28307.438
MinimumVisualStudioVersion = 10.0.40219.1
Project("{9A19103F-16F7-4668-BE54-9A1E7A4F7556}") = "ModelBase", "..\..\BaiShengGuangDianNpc\BaiShengGuangDianNpc\ModelBase\ModelBase.csproj", "{39B224C1-A56E-4626-8934-4845886D006D}"
EndProject
Project("{9A19103F-16F7-4668-BE54-9A1E7A4F7556}") = "ApiManagement", "ApiManagement\ApiManagement.csproj", "{40DF8258-6FCD-491A-85E9-01C685A1B37E}"
EndProject
Project("{9A19103F-16F7-4668-BE54-9A1E7A4F7556}") = "RelayServer", "RelayServer\RelayServer.csproj", "{06F4D507-FF11-4E4A-B7CC-7DEC05CA2F78}"
EndProject
Global
	GlobalSection(SolutionConfigurationPlatforms) = preSolution
		Debug|Any CPU = Debug|Any CPU
		Release|Any CPU = Release|Any CPU
	EndGlobalSection
	GlobalSection(ProjectConfigurationPlatforms) = postSolution
		{39B224C1-A56E-4626-8934-4845886D006D}.Debug|Any CPU.ActiveCfg = Debug|Any CPU
		{39B224C1-A56E-4626-8934-4845886D006D}.Debug|Any CPU.Build.0 = Debug|Any CPU
		{39B224C1-A56E-4626-8934-4845886D006D}.Release|Any CPU.ActiveCfg = Release|Any CPU
		{39B224C1-A56E-4626-8934-4845886D006D}.Release|Any CPU.Build.0 = Release|Any CPU
		{40DF8258-6FCD-491A-85E9-01C685A1B37E}.Debug|Any CPU.ActiveCfg = Debug|Any CPU
		{40DF8258-6FCD-491A-85E9-01C685A1B37E}.Debug|Any CPU.Build.0 = Debug|Any CPU
		{40DF8258-6FCD-491A-85E9-01C685A1B37E}.Release|Any CPU.ActiveCfg = Release|Any CPU
		{40DF8258-6FCD-491A-85E9-01C685A1B37E}.Release|Any CPU.Build.0 = Release|Any CPU
		{06F4D507-FF11-4E4A-B7CC-7DEC05CA2F78}.Debug|Any CPU.ActiveCfg = Debug|Any CPU
		{06F4D507-FF11-4E4A-B7CC-7DEC05CA2F78}.Debug|Any CPU.Build.0 = Debug|Any CPU
		{06F4D507-FF11-4E4A-B7CC-7DEC05CA2F78}.Release|Any CPU.ActiveCfg = Release|Any CPU
		{06F4D507-FF11-4E4A-B7CC-7DEC05CA2F78}.Release|Any CPU.Build.0 = Release|Any CPU
	EndGlobalSection
	GlobalSection(SolutionProperties) = preSolution
		HideSolutionNode = FALSE
	EndGlobalSection
	GlobalSection(ExtensibilityGlobals) = postSolution
		SolutionGuid = {86E49807-560D-4792-A6D7-12F1FD43AEE3}
	EndGlobalSection
EndGlobal
